
Microsoft Visual Studio Solution File, Format Version 12.00
# Visual Studio Version 17
VisualStudioVersion = 17.9.34616.47
MinimumVisualStudioVersion = 10.0.40219.1
Project("{9A19103F-16F7-4668-BE54-9A1E7A4F7556}") = "ColaborareDocumente", "ColaborareDocumente\ColaborareDocumente.csproj", "{35C77576-0855-44DB-BE15-A5B2ED877CB1}"
EndProject
Global
	GlobalSection(SolutionConfigurationPlatforms) = preSolution
		Debug|Any CPU = Debug|Any CPU
		Release|Any CPU = Release|Any CPU
	EndGlobalSection
	GlobalSection(ProjectConfigurationPlatforms) = postSolution
		{35C77576-0855-44DB-BE15-A5B2ED877CB1}.Debug|Any CPU.ActiveCfg = Debug|Any CPU
		{35C77576-0855-44DB-BE15-A5B2ED877CB1}.Debug|Any CPU.Build.0 = Debug|Any CPU
		{35C77576-0855-44DB-BE15-A5B2ED877CB1}.Release|Any CPU.ActiveCfg = Release|Any CPU
		{35C77576-0855-44DB-BE15-A5B2ED877CB1}.Release|Any CPU.Build.0 = Release|Any CPU
	EndGlobalSection
	GlobalSection(SolutionProperties) = preSolution
		HideSolutionNode = FALSE
	EndGlobalSection
	GlobalSection(ExtensibilityGlobals) = postSolution
		SolutionGuid = {196DCE8B-6F74-4E44-972A-16D20A75CB27}
	EndGlobalSection
EndGlobal
